
Microsoft Visual Studio Solution File, Format Version 12.00
# Visual Studio Version 17
VisualStudioVersion = 17.13.35919.96 d17.13
MinimumVisualStudioVersion = 10.0.40219.1
Project("{FAE04EC0-301F-11D3-BF4B-00C04F79EFBC}") = "WebApplication1", "WebApplication1\WebApplication1.csproj", "{CB16BD19-E69C-499D-B56E-EFE9C2D9AEFA}"
EndProject
Global
	GlobalSection(SolutionConfigurationPlatforms) = preSolution
		Debug|Any CPU = Debug|Any CPU
		Release|Any CPU = Release|Any CPU
	EndGlobalSection
	GlobalSection(ProjectConfigurationPlatforms) = postSolution
		{CB16BD19-E69C-499D-B56E-EFE9C2D9AEFA}.Debug|Any CPU.ActiveCfg = Debug|Any CPU
		{CB16BD19-E69C-499D-B56E-EFE9C2D9AEFA}.Debug|Any CPU.Build.0 = Debug|Any CPU
		{CB16BD19-E69C-499D-B56E-EFE9C2D9AEFA}.Release|Any CPU.ActiveCfg = Release|Any CPU
		{CB16BD19-E69C-499D-B56E-EFE9C2D9AEFA}.Release|Any CPU.Build.0 = Release|Any CPU
	EndGlobalSection
	GlobalSection(SolutionProperties) = preSolution
		HideSolutionNode = FALSE
	EndGlobalSection
	GlobalSection(ExtensibilityGlobals) = postSolution
		SolutionGuid = {4E08BCE2-91A5-452E-A17A-90C66847E564}
	EndGlobalSection
EndGlobal
